
Microsoft Visual Studio Solution File, Format Version 12.00
# Visual Studio Version 17
VisualStudioVersion = 17.9.34622.214
MinimumVisualStudioVersion = 10.0.40219.1
Project("{FAE04EC0-301F-11D3-BF4B-00C04F79EFBC}") = "PizzaShop", "PizzaShop\PizzaShop.csproj", "{42BD013E-888A-4177-8CCA-CFD11C129327}"
EndProject
Project("{FAE04EC0-301F-11D3-BF4B-00C04F79EFBC}") = "PizzaShop.Domain", "PizzaShop.Domain\PizzaShop.Domain.csproj", "{373858F3-C880-4B8C-8F68-B02E693CE0AF}"
EndProject
Project("{FAE04EC0-301F-11D3-BF4B-00C04F79EFBC}") = "PizzaShop.Application", "PizzaShop.Application\PizzaShop.Application.csproj", "{4A673592-F7B2-43D9-B328-84701A2D94A8}"
EndProject
Project("{FAE04EC0-301F-11D3-BF4B-00C04F79EFBC}") = "PizzaShop.Infrastructure", "PizzaShop.Infrastructure\PizzaShop.Infrastructure.csproj", "{A10DC24E-2351-407B-BC9A-94E41C9B15E3}"
EndProject
Global
	GlobalSection(SolutionConfigurationPlatforms) = preSolution
		Debug|Any CPU = Debug|Any CPU
		Release|Any CPU = Release|Any CPU
	EndGlobalSection
	GlobalSection(ProjectConfigurationPlatforms) = postSolution
		{42BD013E-888A-4177-8CCA-CFD11C129327}.Debug|Any CPU.ActiveCfg = Debug|Any CPU
		{42BD013E-888A-4177-8CCA-CFD11C129327}.Debug|Any CPU.Build.0 = Debug|Any CPU
		{42BD013E-888A-4177-8CCA-CFD11C129327}.Release|Any CPU.ActiveCfg = Release|Any CPU
		{42BD013E-888A-4177-8CCA-CFD11C129327}.Release|Any CPU.Build.0 = Release|Any CPU
		{373858F3-C880-4B8C-8F68-B02E693CE0AF}.Debug|Any CPU.ActiveCfg = Debug|Any CPU
		{373858F3-C880-4B8C-8F68-B02E693CE0AF}.Debug|Any CPU.Build.0 = Debug|Any CPU
		{373858F3-C880-4B8C-8F68-B02E693CE0AF}.Release|Any CPU.ActiveCfg = Release|Any CPU
		{373858F3-C880-4B8C-8F68-B02E693CE0AF}.Release|Any CPU.Build.0 = Release|Any CPU
		{4A673592-F7B2-43D9-B328-84701A2D94A8}.Debug|Any CPU.ActiveCfg = Debug|Any CPU
		{4A673592-F7B2-43D9-B328-84701A2D94A8}.Debug|Any CPU.Build.0 = Debug|Any CPU
		{4A673592-F7B2-43D9-B328-84701A2D94A8}.Release|Any CPU.ActiveCfg = Release|Any CPU
		{4A673592-F7B2-43D9-B328-84701A2D94A8}.Release|Any CPU.Build.0 = Release|Any CPU
		{A10DC24E-2351-407B-BC9A-94E41C9B15E3}.Debug|Any CPU.ActiveCfg = Debug|Any CPU
		{A10DC24E-2351-407B-BC9A-94E41C9B15E3}.Debug|Any CPU.Build.0 = Debug|Any CPU
		{A10DC24E-2351-407B-BC9A-94E41C9B15E3}.Release|Any CPU.ActiveCfg = Release|Any CPU
		{A10DC24E-2351-407B-BC9A-94E41C9B15E3}.Release|Any CPU.Build.0 = Release|Any CPU
	EndGlobalSection
	GlobalSection(SolutionProperties) = preSolution
		HideSolutionNode = FALSE
	EndGlobalSection
	GlobalSection(ExtensibilityGlobals) = postSolution
		SolutionGuid = {D3E67863-B1FF-4462-8E48-99E1C5F0D16B}
	EndGlobalSection
EndGlobal
